{
  "name": "business-card",
  "lockfileVersion": 2,
  "requires": true,
  "packages": {
    "": {
      "dependencies": {
        "hash-history": "^0.1.1"
      }
    },
    "node_modules/d3-dispatch": {
      "version": "2.0.0",
      "resolved": "https://registry.npmjs.org/d3-dispatch/-/d3-dispatch-2.0.0.tgz",
      "integrity": "sha512-S/m2VsXI7gAti2pBoLClFFTMOO1HTtT0j99AuXLoGFKO6deHDdnv6ZGTxSTTUTgO1zVcv82fCOtDjYK4EECmWA=="
    },
    "node_modules/hash-history": {
      "version": "0.1.1",
      "resolved": "https://registry.npmjs.org/hash-history/-/hash-history-0.1.1.tgz",
      "integrity": "sha512-ej3DyfLZcXBz6QWr4KEH5PX1rZLv+U79mxJJjaPV3qy8ixhv9WHtAH0UW1Iwc4fKA8dTvruarY6uSRuhZog5lw==",
      "dependencies": {
        "properties-and-events": "^1.2.0"
      }
    },
    "node_modules/properties-and-events": {
      "version": "1.2.0",
      "resolved": "https://registry.npmjs.org/properties-and-events/-/properties-and-events-1.2.0.tgz",
      "integrity": "sha512-CUpn8p9qPHTIRH7BQu+CX1yMD+Vv/uitRl4BnH7SCFxKMnJDAYA6/igrF3bxgr3BLhtrUSQ19yx8mSEgjfj1aA==",
      "dependencies": {
        "d3-dispatch": "^2.0.0"
      }
    }
  },
  "dependencies": {
    "d3-dispatch": {
      "version": "2.0.0",
      "resolved": "https://registry.npmjs.org/d3-dispatch/-/d3-dispatch-2.0.0.tgz",
      "integrity": "sha512-S/m2VsXI7gAti2pBoLClFFTMOO1HTtT0j99AuXLoGFKO6deHDdnv6ZGTxSTTUTgO1zVcv82fCOtDjYK4EECmWA=="
    },
    "hash-history": {
      "version": "0.1.1",
      "resolved": "https://registry.npmjs.org/hash-history/-/hash-history-0.1.1.tgz",
      "integrity": "sha512-ej3DyfLZcXBz6QWr4KEH5PX1rZLv+U79mxJJjaPV3qy8ixhv9WHtAH0UW1Iwc4fKA8dTvruarY6uSRuhZog5lw==",
      "requires": {
        "properties-and-events": "^1.2.0"
      }
    },
    "properties-and-events": {
      "version": "1.2.0",
      "resolved": "https://registry.npmjs.org/properties-and-events/-/properties-and-events-1.2.0.tgz",
      "integrity": "sha512-CUpn8p9qPHTIRH7BQu+CX1yMD+Vv/uitRl4BnH7SCFxKMnJDAYA6/igrF3bxgr3BLhtrUSQ19yx8mSEgjfj1aA==",
      "requires": {
        "d3-dispatch": "^2.0.0"
      }
    }
  }
}
